Microsoft Visual Studio Solution File, Format Version 11.00
# Visual Studio 2010
Project("{FAE04EC0-301F-11D3-BF4B-00C04F79EFBC}") = "BLL", "BLL\BLL.csproj", "{38D7AA58-C95B-449B-86C6-A8073A56E11F}"
EndProject
Project("{FAE04EC0-301F-11D3-BF4B-00C04F79EFBC}") = "Model", "Model\Model.csproj", "{53995DBB-9836-4647-AD22-865884FDEB9E}"
EndProject
Project("{FAE04EC0-301F-11D3-BF4B-00C04F79EFBC}") = "DBUtility", "DBUtility\DBUtility.csproj", "{0988C62E-247F-471F-A183-DB509C7A3839}"
EndProject
Project("{FAE04EC0-301F-11D3-BF4B-00C04F79EFBC}") = "DALFactory", "DALFactory\DALFactory.csproj", "{96401C5E-D166-4E4E-98C2-3ECA91B6C7EB}"
EndProject
Project("{FAE04EC0-301F-11D3-BF4B-00C04F79EFBC}") = "IDAL", "IDAL\IDAL.csproj", "{B0706FA2-977C-4523-B093-F57804756498}"
EndProject
Project("{FAE04EC0-301F-11D3-BF4B-00C04F79EFBC}") = "OracleDAL", "OracleDAL\OracleDAL.csproj", "{9FE00521-3A8B-42B1-814E-585E99407B2E}"
EndProject
Project("{FAE04EC0-301F-11D3-BF4B-00C04F79EFBC}") = "Common", "Common\Common.csproj", "{E3D8759A-C5EB-402D-9F10-F5C6029A8D1A}"
EndProject
Project("{FAE04EC0-301F-11D3-BF4B-00C04F79EFBC}") = "WebUI", "WebUI\WebUI.csproj", "{B7FD4B28-35C8-4704-BA2B-AD7B97C7462B}"
EndProject
Project("{FAE04EC0-301F-11D3-BF4B-00C04F79EFBC}") = "Cyvation.CCQE.BLL", "Cyvation.CCQE.BLL\Cyvation.CCQE.BLL.csproj", "{FB070516-C71C-4034-B8D5-FB79F112F1BA}"
EndProject
Project("{FAE04EC0-301F-11D3-BF4B-00C04F79EFBC}") = "Cyvation.CCQE.DataAccess", "Cyvation.CCQE.DataAccess\Cyvation.CCQE.DataAccess.csproj", "{DA1692D2-B4FB-4E75-9E80-3CB7FB8DDC10}"
EndProject
Project("{FAE04EC0-301F-11D3-BF4B-00C04F79EFBC}") = "Cyvation.CCQE.Common", "Cyvation.CCQE.Common\Cyvation.CCQE.Common.csproj", "{E3FF6C80-B809-461D-B3CC-0395C9AC0BC4}"
EndProject
Project("{FAE04EC0-301F-11D3-BF4B-00C04F79EFBC}") = "Cyvation.CCQE.Model", "Cyvation.CCQE.Model\Cyvation.CCQE.Model.csproj", "{E657350D-1BF7-4D12-8F7C-C83A209CD4E9}"
EndProject
Project("{FAE04EC0-301F-11D3-BF4B-00C04F79EFBC}") = "AData", "项目资料\AData.csproj", "{4D380D8A-2118-49AF-B2BD-04CC306BC0C3}"
EndProject
Global
	GlobalSection(SourceCodeControl) = preSolution
		SccNumberOfProjects = 14
		SccLocalPath0 = .
		SccProjectUniqueName1 = BLL\\BLL.csproj
		SccLocalPath1 = .
		SccProjectFilePathRelativizedFromConnection1 = BLL\\
		SccProjectUniqueName2 = Common\\Common.csproj
		SccLocalPath2 = .
		SccProjectFilePathRelativizedFromConnection2 = Common\\
		SccProjectUniqueName3 = Cyvation.CCQE.BLL\\Cyvation.CCQE.BLL.csproj
		SccLocalPath3 = .
		SccProjectFilePathRelativizedFromConnection3 = Cyvation.CCQE.BLL\\
		SccProjectUniqueName4 = Cyvation.CCQE.Common\\Cyvation.CCQE.Common.csproj
		SccLocalPath4 = .
		SccProjectFilePathRelativizedFromConnection4 = Cyvation.CCQE.Common\\
		SccProjectUniqueName5 = Cyvation.CCQE.DataAccess\\Cyvation.CCQE.DataAccess.csproj
		SccLocalPath5 = .
		SccProjectFilePathRelativizedFromConnection5 = Cyvation.CCQE.DataAccess\\
		SccProjectUniqueName6 = Cyvation.CCQE.Model\\Cyvation.CCQE.Model.csproj
		SccLocalPath6 = .
		SccProjectFilePathRelativizedFromConnection6 = Cyvation.CCQE.Model\\
		SccProjectUniqueName7 = DALFactory\\DALFactory.csproj
		SccLocalPath7 = .
		SccProjectFilePathRelativizedFromConnection7 = DALFactory\\
		SccProjectUniqueName8 = DBUtility\\DBUtility.csproj
		SccLocalPath8 = .
		SccProjectFilePathRelativizedFromConnection8 = DBUtility\\
		SccProjectUniqueName9 = IDAL\\IDAL.csproj
		SccLocalPath9 = .
		SccProjectFilePathRelativizedFromConnection9 = IDAL\\
		SccProjectUniqueName10 = Model\\Model.csproj
		SccLocalPath10 = .
		SccProjectFilePathRelativizedFromConnection10 = Model\\
		SccProjectUniqueName11 = OracleDAL\\OracleDAL.csproj
		SccLocalPath11 = .
		SccProjectFilePathRelativizedFromConnection11 = OracleDAL\\
		SccProjectUniqueName12 = WebUI\\WebUI.csproj
		SccLocalPath12 = .
		SccProjectFilePathRelativizedFromConnection12 = WebUI\\
		SccProjectUniqueName13 = 项目资料\\AData.csproj
		SccLocalPath13 = .
		SccProjectFilePathRelativizedFromConnection13 = 项目资料\\
	EndGlobalSection
	GlobalSection(SolutionConfigurationPlatforms) = preSolution
		Debug|.NET = Debug|.NET
		Debug|Any CPU = Debug|Any CPU
		Debug|Mixed Platforms = Debug|Mixed Platforms
		Debug|x86 = Debug|x86
		Release|.NET = Release|.NET
		Release|Any CPU = Release|Any CPU
		Release|Mixed Platforms = Release|Mixed Platforms
		Release|x86 = Release|x86
	EndGlobalSection
	GlobalSection(ProjectConfigurationPlatforms) = postSolution
		{38D7AA58-C95B-449B-86C6-A8073A56E11F}.Debug|.NET.ActiveCfg = Debug|Any CPU
		{38D7AA58-C95B-449B-86C6-A8073A56E11F}.Debug|Any CPU.ActiveCfg = Debug|Any CPU
		{38D7AA58-C95B-449B-86C6-A8073A56E11F}.Debug|Any CPU.Build.0 = Debug|Any CPU
		{38D7AA58-C95B-449B-86C6-A8073A56E11F}.Debug|Mixed Platforms.ActiveCfg = Debug|Any CPU
		{38D7AA58-C95B-449B-86C6-A8073A56E11F}.Debug|Mixed Platforms.Build.0 = Debug|Any CPU
		{38D7AA58-C95B-449B-86C6-A8073A56E11F}.Debug|x86.ActiveCfg = Debug|x86
		{38D7AA58-C95B-449B-86C6-A8073A56E11F}.Debug|x86.Build.0 = Debug|x86
		{38D7AA58-C95B-449B-86C6-A8073A56E11F}.Release|.NET.ActiveCfg = Release|Any CPU
		{38D7AA58-C95B-449B-86C6-A8073A56E11F}.Release|Any CPU.ActiveCfg = Release|Any CPU
		{38D7AA58-C95B-449B-86C6-A8073A56E11F}.Release|Any CPU.Build.0 = Release|Any CPU
		{38D7AA58-C95B-449B-86C6-A8073A56E11F}.Release|Mixed Platforms.ActiveCfg = Debug|Any CPU
		{38D7AA58-C95B-449B-86C6-A8073A56E11F}.Release|Mixed Platforms.Build.0 = Debug|Any CPU
		{38D7AA58-C95B-449B-86C6-A8073A56E11F}.Release|x86.ActiveCfg = Release|x86
		{38D7AA58-C95B-449B-86C6-A8073A56E11F}.Release|x86.Build.0 = Release|x86
		{53995DBB-9836-4647-AD22-865884FDEB9E}.Debug|.NET.ActiveCfg = Debug|Any CPU
		{53995DBB-9836-4647-AD22-865884FDEB9E}.Debug|Any CPU.ActiveCfg = Debug|Any CPU
		{53995DBB-9836-4647-AD22-865884FDEB9E}.Debug|Any CPU.Build.0 = Debug|Any CPU
		{53995DBB-9836-4647-AD22-865884FDEB9E}.Debug|Mixed Platforms.ActiveCfg = Debug|Any CPU
		{53995DBB-9836-4647-AD22-865884FDEB9E}.Debug|Mixed Platforms.Build.0 = Debug|Any CPU
		{53995DBB-9836-4647-AD22-865884FDEB9E}.Debug|x86.ActiveCfg = Debug|x86
		{53995DBB-9836-4647-AD22-865884FDEB9E}.Debug|x86.Build.0 = Debug|x86
		{53995DBB-9836-4647-AD22-865884FDEB9E}.Release|.NET.ActiveCfg = Release|Any CPU
		{53995DBB-9836-4647-AD22-865884FDEB9E}.Release|Any CPU.ActiveCfg = Release|Any CPU
		{53995DBB-9836-4647-AD22-865884FDEB9E}.Release|Any CPU.Build.0 = Release|Any CPU
		{53995DBB-9836-4647-AD22-865884FDEB9E}.Release|Mixed Platforms.ActiveCfg = Debug|Any CPU
		{53995DBB-9836-4647-AD22-865884FDEB9E}.Release|Mixed Platforms.Build.0 = Debug|Any CPU
		{53995DBB-9836-4647-AD22-865884FDEB9E}.Release|x86.ActiveCfg = Release|x86
		{53995DBB-9836-4647-AD22-865884FDEB9E}.Release|x86.Build.0 = Release|x86
		{0988C62E-247F-471F-A183-DB509C7A3839}.Debug|.NET.ActiveCfg = Debug|Any CPU
		{0988C62E-247F-471F-A183-DB509C7A3839}.Debug|Any CPU.ActiveCfg = Debug|Any CPU
		{0988C62E-247F-471F-A183-DB509C7A3839}.Debug|Any CPU.Build.0 = Debug|Any CPU
		{0988C62E-247F-471F-A183-DB509C7A3839}.Debug|Mixed Platforms.ActiveCfg = Debug|Any CPU
		{0988C62E-247F-471F-A183-DB509C7A3839}.Debug|Mixed Platforms.Build.0 = Debug|Any CPU
		{0988C62E-247F-471F-A183-DB509C7A3839}.Debug|x86.ActiveCfg = Debug|x86
		{0988C62E-247F-471F-A183-DB509C7A3839}.Debug|x86.Build.0 = Debug|x86
		{0988C62E-247F-471F-A183-DB509C7A3839}.Release|.NET.ActiveCfg = Release|Any CPU
		{0988C62E-247F-471F-A183-DB509C7A3839}.Release|Any CPU.ActiveCfg = Release|Any CPU
		{0988C62E-247F-471F-A183-DB509C7A3839}.Release|Any CPU.Build.0 = Release|Any CPU
		{0988C62E-247F-471F-A183-DB509C7A3839}.Release|Mixed Platforms.ActiveCfg = Debug|Any CPU
		{0988C62E-247F-471F-A183-DB509C7A3839}.Release|Mixed Platforms.Build.0 = Debug|Any CPU
		{0988C62E-247F-471F-A183-DB509C7A3839}.Release|x86.ActiveCfg = Release|x86
		{0988C62E-247F-471F-A183-DB509C7A3839}.Release|x86.Build.0 = Release|x86
		{96401C5E-D166-4E4E-98C2-3ECA91B6C7EB}.Debug|.NET.ActiveCfg = Debug|Any CPU
		{96401C5E-D166-4E4E-98C2-3ECA91B6C7EB}.Debug|Any CPU.ActiveCfg = Debug|Any CPU
		{96401C5E-D166-4E4E-98C2-3ECA91B6C7EB}.Debug|Any CPU.Build.0 = Debug|Any CPU
		{96401C5E-D166-4E4E-98C2-3ECA91B6C7EB}.Debug|Mixed Platforms.ActiveCfg = Debug|Any CPU
		{96401C5E-D166-4E4E-98C2-3ECA91B6C7EB}.Debug|Mixed Platforms.Build.0 = Debug|Any CPU
		{96401C5E-D166-4E4E-98C2-3ECA91B6C7EB}.Debug|x86.ActiveCfg = Debug|x86
		{96401C5E-D166-4E4E-98C2-3ECA91B6C7EB}.Debug|x86.Build.0 = Debug|x86
		{96401C5E-D166-4E4E-98C2-3ECA91B6C7EB}.Release|.NET.ActiveCfg = Release|Any CPU
		{96401C5E-D166-4E4E-98C2-3ECA91B6C7EB}.Release|Any CPU.ActiveCfg = Release|Any CPU
		{96401C5E-D166-4E4E-98C2-3ECA91B6C7EB}.Release|Any CPU.Build.0 = Release|Any CPU
		{96401C5E-D166-4E4E-98C2-3ECA91B6C7EB}.Release|Mixed Platforms.ActiveCfg = Debug|Any CPU
		{96401C5E-D166-4E4E-98C2-3ECA91B6C7EB}.Release|Mixed Platforms.Build.0 = Debug|Any CPU
		{96401C5E-D166-4E4E-98C2-3ECA91B6C7EB}.Release|x86.ActiveCfg = Release|x86
		{96401C5E-D166-4E4E-98C2-3ECA91B6C7EB}.Release|x86.Build.0 = Release|x86
		{B0706FA2-977C-4523-B093-F57804756498}.Debug|.NET.ActiveCfg = Debug|Any CPU
		{B0706FA2-977C-4523-B093-F57804756498}.Debug|Any CPU.ActiveCfg = Debug|Any CPU
		{B0706FA2-977C-4523-B093-F57804756498}.Debug|Any CPU.Build.0 = Debug|Any CPU
		{B0706FA2-977C-4523-B093-F57804756498}.Debug|Mixed Platforms.ActiveCfg = Debug|Any CPU
		{B0706FA2-977C-4523-B093-F57804756498}.Debug|Mixed Platforms.Build.0 = Debug|Any CPU
		{B0706FA2-977C-4523-B093-F57804756498}.Debug|x86.ActiveCfg = Debug|x86
		{B0706FA2-977C-4523-B093-F57804756498}.Debug|x86.Build.0 = Debug|x86
		{B0706FA2-977C-4523-B093-F57804756498}.Release|.NET.ActiveCfg = Release|Any CPU
		{B0706FA2-977C-4523-B093-F57804756498}.Release|Any CPU.ActiveCfg = Release|Any CPU
		{B0706FA2-977C-4523-B093-F57804756498}.Release|Any CPU.Build.0 = Release|Any CPU
		{B0706FA2-977C-4523-B093-F57804756498}.Release|Mixed Platforms.ActiveCfg = Debug|Any CPU
		{B0706FA2-977C-4523-B093-F57804756498}.Release|Mixed Platforms.Build.0 = Debug|Any CPU
		{B0706FA2-977C-4523-B093-F57804756498}.Release|x86.ActiveCfg = Release|x86
		{B0706FA2-977C-4523-B093-F57804756498}.Release|x86.Build.0 = Release|x86
		{9FE00521-3A8B-42B1-814E-585E99407B2E}.Debug|.NET.ActiveCfg = Debug|Any CPU
		{9FE00521-3A8B-42B1-814E-585E99407B2E}.Debug|Any CPU.ActiveCfg = Debug|Any CPU
		{9FE00521-3A8B-42B1-814E-585E99407B2E}.Debug|Any CPU.Build.0 = Debug|Any CPU
		{9FE00521-3A8B-42B1-814E-585E99407B2E}.Debug|Mixed Platforms.ActiveCfg = Debug|Any CPU
		{9FE00521-3A8B-42B1-814E-585E99407B2E}.Debug|Mixed Platforms.Build.0 = Debug|Any CPU
		{9FE00521-3A8B-42B1-814E-585E99407B2E}.Debug|x86.ActiveCfg = Debug|x86
		{9FE00521-3A8B-42B1-814E-585E99407B2E}.Debug|x86.Build.0 = Debug|x86
		{9FE00521-3A8B-42B1-814E-585E99407B2E}.Release|.NET.ActiveCfg = Release|Any CPU
		{9FE00521-3A8B-42B1-814E-585E99407B2E}.Release|Any CPU.ActiveCfg = Release|Any CPU
		{9FE00521-3A8B-42B1-814E-585E99407B2E}.Release|Any CPU.Build.0 = Release|Any CPU
		{9FE00521-3A8B-42B1-814E-585E99407B2E}.Release|Mixed Platforms.ActiveCfg = Debug|Any CPU
		{9FE00521-3A8B-42B1-814E-585E99407B2E}.Release|Mixed Platforms.Build.0 = Debug|Any CPU
		{9FE00521-3A8B-42B1-814E-585E99407B2E}.Release|x86.ActiveCfg = Release|x86
		{9FE00521-3A8B-42B1-814E-585E99407B2E}.Release|x86.Build.0 = Release|x86
		{E3D8759A-C5EB-402D-9F10-F5C6029A8D1A}.Debug|.NET.ActiveCfg = Debug|Any CPU
		{E3D8759A-C5EB-402D-9F10-F5C6029A8D1A}.Debug|Any CPU.ActiveCfg = Debug|Any CPU
		{E3D8759A-C5EB-402D-9F10-F5C6029A8D1A}.Debug|Any CPU.Build.0 = Debug|Any CPU
		{E3D8759A-C5EB-402D-9F10-F5C6029A8D1A}.Debug|Mixed Platforms.ActiveCfg = Debug|Any CPU
		{E3D8759A-C5EB-402D-9F10-F5C6029A8D1A}.Debug|Mixed Platforms.Build.0 = Debug|Any CPU
		{E3D8759A-C5EB-402D-9F10-F5C6029A8D1A}.Debug|x86.ActiveCfg = Debug|x86
		{E3D8759A-C5EB-402D-9F10-F5C6029A8D1A}.Debug|x86.Build.0 = Debug|x86
		{E3D8759A-C5EB-402D-9F10-F5C6029A8D1A}.Release|.NET.ActiveCfg = Release|Any CPU
		{E3D8759A-C5EB-402D-9F10-F5C6029A8D1A}.Release|Any CPU.ActiveCfg = Release|Any CPU
		{E3D8759A-C5EB-402D-9F10-F5C6029A8D1A}.Release|Any CPU.Build.0 = Release|Any CPU
		{E3D8759A-C5EB-402D-9F10-F5C6029A8D1A}.Release|Mixed Platforms.ActiveCfg = Debug|Any CPU
		{E3D8759A-C5EB-402D-9F10-F5C6029A8D1A}.Release|Mixed Platforms.Build.0 = Debug|Any CPU
		{E3D8759A-C5EB-402D-9F10-F5C6029A8D1A}.Release|x86.ActiveCfg = Release|x86
		{E3D8759A-C5EB-402D-9F10-F5C6029A8D1A}.Release|x86.Build.0 = Release|x86
		{B7FD4B28-35C8-4704-BA2B-AD7B97C7462B}.Debug|.NET.ActiveCfg = Debug|Any CPU
		{B7FD4B28-35C8-4704-BA2B-AD7B97C7462B}.Debug|Any CPU.ActiveCfg = Debug|Any CPU
		{B7FD4B28-35C8-4704-BA2B-AD7B97C7462B}.Debug|Any CPU.Build.0 = Debug|Any CPU
		{B7FD4B28-35C8-4704-BA2B-AD7B97C7462B}.Debug|Mixed Platforms.ActiveCfg = Debug|Any CPU
		{B7FD4B28-35C8-4704-BA2B-AD7B97C7462B}.Debug|Mixed Platforms.Build.0 = Debug|Any CPU
		{B7FD4B28-35C8-4704-BA2B-AD7B97C7462B}.Debug|x86.ActiveCfg = Debug|x86
		{B7FD4B28-35C8-4704-BA2B-AD7B97C7462B}.Debug|x86.Build.0 = Debug|x86
		{B7FD4B28-35C8-4704-BA2B-AD7B97C7462B}.Release|.NET.ActiveCfg = Release|Any CPU
		{B7FD4B28-35C8-4704-BA2B-AD7B97C7462B}.Release|Any CPU.ActiveCfg = Release|Any CPU
		{B7FD4B28-35C8-4704-BA2B-AD7B97C7462B}.Release|Any CPU.Build.0 = Release|Any CPU
		{B7FD4B28-35C8-4704-BA2B-AD7B97C7462B}.Release|Mixed Platforms.ActiveCfg = Debug|Any CPU
		{B7FD4B28-35C8-4704-BA2B-AD7B97C7462B}.Release|Mixed Platforms.Build.0 = Debug|Any CPU
		{B7FD4B28-35C8-4704-BA2B-AD7B97C7462B}.Release|x86.ActiveCfg = Release|x86
		{B7FD4B28-35C8-4704-BA2B-AD7B97C7462B}.Release|x86.Build.0 = Release|x86
		{FB070516-C71C-4034-B8D5-FB79F112F1BA}.Debug|.NET.ActiveCfg = Debug|Any CPU
		{FB070516-C71C-4034-B8D5-FB79F112F1BA}.Debug|Any CPU.ActiveCfg = Debug|Any CPU
		{FB070516-C71C-4034-B8D5-FB79F112F1BA}.Debug|Any CPU.Build.0 = Debug|Any CPU
		{FB070516-C71C-4034-B8D5-FB79F112F1BA}.Debug|Mixed Platforms.ActiveCfg = Debug|Any CPU
		{FB070516-C71C-4034-B8D5-FB79F112F1BA}.Debug|Mixed Platforms.Build.0 = Debug|Any CPU
		{FB070516-C71C-4034-B8D5-FB79F112F1BA}.Debug|x86.ActiveCfg = Debug|x86
		{FB070516-C71C-4034-B8D5-FB79F112F1BA}.Debug|x86.Build.0 = Debug|x86
		{FB070516-C71C-4034-B8D5-FB79F112F1BA}.Release|.NET.ActiveCfg = Release|Any CPU
		{FB070516-C71C-4034-B8D5-FB79F112F1BA}.Release|Any CPU.ActiveCfg = Release|Any CPU
		{FB070516-C71C-4034-B8D5-FB79F112F1BA}.Release|Any CPU.Build.0 = Release|Any CPU
		{FB070516-C71C-4034-B8D5-FB79F112F1BA}.Release|Mixed Platforms.ActiveCfg = Release|Any CPU
		{FB070516-C71C-4034-B8D5-FB79F112F1BA}.Release|Mixed Platforms.Build.0 = Release|Any CPU
		{FB070516-C71C-4034-B8D5-FB79F112F1BA}.Release|x86.ActiveCfg = Release|x86
		{FB070516-C71C-4034-B8D5-FB79F112F1BA}.Release|x86.Build.0 = Release|x86
		{DA1692D2-B4FB-4E75-9E80-3CB7FB8DDC10}.Debug|.NET.ActiveCfg = Debug|Any CPU
		{DA1692D2-B4FB-4E75-9E80-3CB7FB8DDC10}.Debug|Any CPU.ActiveCfg = Debug|Any CPU
		{DA1692D2-B4FB-4E75-9E80-3CB7FB8DDC10}.Debug|Any CPU.Build.0 = Debug|Any CPU
		{DA1692D2-B4FB-4E75-9E80-3CB7FB8DDC10}.Debug|Mixed Platforms.ActiveCfg = Debug|Any CPU
		{DA1692D2-B4FB-4E75-9E80-3CB7FB8DDC10}.Debug|Mixed Platforms.Build.0 = Debug|Any CPU
		{DA1692D2-B4FB-4E75-9E80-3CB7FB8DDC10}.Debug|x86.ActiveCfg = Debug|x86
		{DA1692D2-B4FB-4E75-9E80-3CB7FB8DDC10}.Debug|x86.Build.0 = Debug|x86
		{DA1692D2-B4FB-4E75-9E80-3CB7FB8DDC10}.Release|.NET.ActiveCfg = Release|Any CPU
		{DA1692D2-B4FB-4E75-9E80-3CB7FB8DDC10}.Release|Any CPU.ActiveCfg = Release|Any CPU
		{DA1692D2-B4FB-4E75-9E80-3CB7FB8DDC10}.Release|Any CPU.Build.0 = Release|Any CPU
		{DA1692D2-B4FB-4E75-9E80-3CB7FB8DDC10}.Release|Mixed Platforms.ActiveCfg = Release|Any CPU
		{DA1692D2-B4FB-4E75-9E80-3CB7FB8DDC10}.Release|Mixed Platforms.Build.0 = Release|Any CPU
		{DA1692D2-B4FB-4E75-9E80-3CB7FB8DDC10}.Release|x86.ActiveCfg = Release|x86
		{DA1692D2-B4FB-4E75-9E80-3CB7FB8DDC10}.Release|x86.Build.0 = Release|x86
		{E3FF6C80-B809-461D-B3CC-0395C9AC0BC4}.Debug|.NET.ActiveCfg = Debug|Any CPU
		{E3FF6C80-B809-461D-B3CC-0395C9AC0BC4}.Debug|Any CPU.ActiveCfg = Debug|Any CPU
		{E3FF6C80-B809-461D-B3CC-0395C9AC0BC4}.Debug|Any CPU.Build.0 = Debug|Any CPU
		{E3FF6C80-B809-461D-B3CC-0395C9AC0BC4}.Debug|Mixed Platforms.ActiveCfg = Debug|Any CPU
		{E3FF6C80-B809-461D-B3CC-0395C9AC0BC4}.Debug|Mixed Platforms.Build.0 = Debug|Any CPU
		{E3FF6C80-B809-461D-B3CC-0395C9AC0BC4}.Debug|x86.ActiveCfg = Debug|x86
		{E3FF6C80-B809-461D-B3CC-0395C9AC0BC4}.Debug|x86.Build.0 = Debug|x86
		{E3FF6C80-B809-461D-B3CC-0395C9AC0BC4}.Release|.NET.ActiveCfg = Release|Any CPU
		{E3FF6C80-B809-461D-B3CC-0395C9AC0BC4}.Release|Any CPU.ActiveCfg = Release|Any CPU
		{E3FF6C80-B809-461D-B3CC-0395C9AC0BC4}.Release|Any CPU.Build.0 = Release|Any CPU
		{E3FF6C80-B809-461D-B3CC-0395C9AC0BC4}.Release|Mixed Platforms.ActiveCfg = Release|Any CPU
		{E3FF6C80-B809-461D-B3CC-0395C9AC0BC4}.Release|Mixed Platforms.Build.0 = Release|Any CPU
		{E3FF6C80-B809-461D-B3CC-0395C9AC0BC4}.Release|x86.ActiveCfg = Release|x86
		{E3FF6C80-B809-461D-B3CC-0395C9AC0BC4}.Release|x86.Build.0 = Release|x86
		{E657350D-1BF7-4D12-8F7C-C83A209CD4E9}.Debug|.NET.ActiveCfg = Debug|Any CPU
		{E657350D-1BF7-4D12-8F7C-C83A209CD4E9}.Debug|Any CPU.ActiveCfg = Debug|Any CPU
		{E657350D-1BF7-4D12-8F7C-C83A209CD4E9}.Debug|Any CPU.Build.0 = Debug|Any CPU
		{E657350D-1BF7-4D12-8F7C-C83A209CD4E9}.Debug|Mixed Platforms.ActiveCfg = Debug|Any CPU
		{E657350D-1BF7-4D12-8F7C-C83A209CD4E9}.Debug|Mixed Platforms.Build.0 = Debug|Any CPU
		{E657350D-1BF7-4D12-8F7C-C83A209CD4E9}.Debug|x86.ActiveCfg = Debug|x86
		{E657350D-1BF7-4D12-8F7C-C83A209CD4E9}.Debug|x86.Build.0 = Debug|x86
		{E657350D-1BF7-4D12-8F7C-C83A209CD4E9}.Release|.NET.ActiveCfg = Release|Any CPU
		{E657350D-1BF7-4D12-8F7C-C83A209CD4E9}.Release|Any CPU.ActiveCfg = Release|Any CPU
		{E657350D-1BF7-4D12-8F7C-C83A209CD4E9}.Release|Any CPU.Build.0 = Release|Any CPU
		{E657350D-1BF7-4D12-8F7C-C83A209CD4E9}.Release|Mixed Platforms.ActiveCfg = Release|Any CPU
		{E657350D-1BF7-4D12-8F7C-C83A209CD4E9}.Release|Mixed Platforms.Build.0 = Release|Any CPU
		{E657350D-1BF7-4D12-8F7C-C83A209CD4E9}.Release|x86.ActiveCfg = Release|x86
		{E657350D-1BF7-4D12-8F7C-C83A209CD4E9}.Release|x86.Build.0 = Release|x86
		{4D380D8A-2118-49AF-B2BD-04CC306BC0C3}.Debug|.NET.ActiveCfg = Debug|Any CPU
		{4D380D8A-2118-49AF-B2BD-04CC306BC0C3}.Debug|Any CPU.ActiveCfg = Debug|Any CPU
		{4D380D8A-2118-49AF-B2BD-04CC306BC0C3}.Debug|Any CPU.Build.0 = Debug|Any CPU
		{4D380D8A-2118-49AF-B2BD-04CC306BC0C3}.Debug|Mixed Platforms.ActiveCfg = Debug|Any CPU
		{4D380D8A-2118-49AF-B2BD-04CC306BC0C3}.Debug|Mixed Platforms.Build.0 = Debug|Any CPU
		{4D380D8A-2118-49AF-B2BD-04CC306BC0C3}.Debug|x86.ActiveCfg = Debug|Any CPU
		{4D380D8A-2118-49AF-B2BD-04CC306BC0C3}.Release|.NET.ActiveCfg = Release|Any CPU
		{4D380D8A-2118-49AF-B2BD-04CC306BC0C3}.Release|Any CPU.ActiveCfg = Release|Any CPU
		{4D380D8A-2118-49AF-B2BD-04CC306BC0C3}.Release|Any CPU.Build.0 = Release|Any CPU
		{4D380D8A-2118-49AF-B2BD-04CC306BC0C3}.Release|Mixed Platforms.ActiveCfg = Release|Any CPU
		{4D380D8A-2118-49AF-B2BD-04CC306BC0C3}.Release|Mixed Platforms.Build.0 = Release|Any CPU
		{4D380D8A-2118-49AF-B2BD-04CC306BC0C3}.Release|x86.ActiveCfg = Release|Any CPU
	EndGlobalSection
	GlobalSection(SolutionProperties) = preSolution
		HideSolutionNode = FALSE
	EndGlobalSection
	GlobalSection(SubversionScc) = preSolution
		Svn-Managed = True
		Manager = AnkhSVN - Subversion Support for Visual Studio
	EndGlobalSection
EndGlobal
